
Microsoft Visual Studio Solution File, Format Version 12.00
# Visual Studio 14
VisualStudioVersion = 14.0.25123.0
MinimumVisualStudioVersion = 10.0.40219.1
Project("{410C4532-32D8-4CE7-954A-3403548628F7}") = "Sitecore.Support.392002", "Sitecore.Support.392002\Sitecore.Support.392002.csproj", "{C15BA894-397E-4AAA-9CDB-4D15F11646BD}"
EndProject
Global
	GlobalSection(SolutionConfigurationPlatforms) = preSolution
		Debug|Any CPU = Debug|Any CPU
		Release|Any CPU = Release|Any CPU
	EndGlobalSection
	GlobalSection(ProjectConfigurationPlatforms) = postSolution
		{C15BA894-397E-4AAA-9CDB-4D15F11646BD}.Debug|Any CPU.ActiveCfg = Debug|Any CPU
		{C15BA894-397E-4AAA-9CDB-4D15F11646BD}.Debug|Any CPU.Build.0 = Debug|Any CPU
		{C15BA894-397E-4AAA-9CDB-4D15F11646BD}.Release|Any CPU.ActiveCfg = Release|Any CPU
		{C15BA894-397E-4AAA-9CDB-4D15F11646BD}.Release|Any CPU.Build.0 = Release|Any CPU
	EndGlobalSection
	GlobalSection(SolutionProperties) = preSolution
		HideSolutionNode = FALSE
	EndGlobalSection
EndGlobal
